
Microsoft Visual Studio Solution File, Format Version 12.00
# Visual Studio 15
VisualStudioVersion = 15.0.26228.12
MinimumVisualStudioVersion = 10.0.40219.1
Project("{FAE04EC0-301F-11D3-BF4B-00C04F79EFBC}") = "Code", "Code\Code.csproj", "{F7B94D4D-A00F-471A-B3D8-7A80AFA5558B}"
EndProject
Project("{FAE04EC0-301F-11D3-BF4B-00C04F79EFBC}") = "Code.Tests", "Code.Tests\Code.Tests.csproj", "{D83F8F5A-1DCC-475A-B0B5-637FE0F90C5A}"
EndProject
Global
	GlobalSection(SolutionConfigurationPlatforms) = preSolution
		Debug|Any CPU = Debug|Any CPU
		Release|Any CPU = Release|Any CPU
	EndGlobalSection
	GlobalSection(ProjectConfigurationPlatforms) = postSolution
		{F7B94D4D-A00F-471A-B3D8-7A80AFA5558B}.Debug|Any CPU.ActiveCfg = Debug|Any CPU
		{F7B94D4D-A00F-471A-B3D8-7A80AFA5558B}.Debug|Any CPU.Build.0 = Debug|Any CPU
		{F7B94D4D-A00F-471A-B3D8-7A80AFA5558B}.Release|Any CPU.ActiveCfg = Release|Any CPU
		{F7B94D4D-A00F-471A-B3D8-7A80AFA5558B}.Release|Any CPU.Build.0 = Release|Any CPU
		{D83F8F5A-1DCC-475A-B0B5-637FE0F90C5A}.Debug|Any CPU.ActiveCfg = Debug|Any CPU
		{D83F8F5A-1DCC-475A-B0B5-637FE0F90C5A}.Debug|Any CPU.Build.0 = Debug|Any CPU
		{D83F8F5A-1DCC-475A-B0B5-637FE0F90C5A}.Release|Any CPU.ActiveCfg = Release|Any CPU
		{D83F8F5A-1DCC-475A-B0B5-637FE0F90C5A}.Release|Any CPU.Build.0 = Release|Any CPU
	EndGlobalSection
	GlobalSection(SolutionProperties) = preSolution
		HideSolutionNode = FALSE
	EndGlobalSection
EndGlobal
