
Microsoft Visual Studio Solution File, Format Version 12.00
# Visual Studio 15
VisualStudioVersion = 15.0.27130.2027
MinimumVisualStudioVersion = 10.0.40219.1
Project("{FAE04EC0-301F-11D3-BF4B-00C04F79EFBC}") = "WorldGeography", "WorldGeography\WorldGeography.csproj", "{AEF6F79F-9A17-4FED-8E25-22B2FB181929}"
EndProject
Project("{FAE04EC0-301F-11D3-BF4B-00C04F79EFBC}") = "WorldGeography.Tests", "WorldGeography.Tests\WorldGeography.Tests.csproj", "{D40EF1CA-BBC6-419A-A87E-82DE037FF89A}"
EndProject
Project("{2150E333-8FDC-42A3-9474-1A3956D46DE8}") = "Vending Machine", "Vending Machine", "{99C26B60-CF43-4E7B-8A47-74040D3422D7}"
EndProject
Project("{FAE04EC0-301F-11D3-BF4B-00C04F79EFBC}") = "VM", "VM\VM.csproj", "{8E26F83E-5A9E-4635-8878-AC337EFD9E2F}"
EndProject
Project("{FAE04EC0-301F-11D3-BF4B-00C04F79EFBC}") = "VM.Tests", "VM.Tests\VM.Tests.csproj", "{22B50FA4-17AB-4DDF-A1E9-D9B49B4EC4CE}"
EndProject
Global
	GlobalSection(SolutionConfigurationPlatforms) = preSolution
		Debug|Any CPU = Debug|Any CPU
		Release|Any CPU = Release|Any CPU
	EndGlobalSection
	GlobalSection(ProjectConfigurationPlatforms) = postSolution
		{AEF6F79F-9A17-4FED-8E25-22B2FB181929}.Debug|Any CPU.ActiveCfg = Debug|Any CPU
		{AEF6F79F-9A17-4FED-8E25-22B2FB181929}.Debug|Any CPU.Build.0 = Debug|Any CPU
		{AEF6F79F-9A17-4FED-8E25-22B2FB181929}.Release|Any CPU.ActiveCfg = Release|Any CPU
		{AEF6F79F-9A17-4FED-8E25-22B2FB181929}.Release|Any CPU.Build.0 = Release|Any CPU
		{D40EF1CA-BBC6-419A-A87E-82DE037FF89A}.Debug|Any CPU.ActiveCfg = Debug|Any CPU
		{D40EF1CA-BBC6-419A-A87E-82DE037FF89A}.Debug|Any CPU.Build.0 = Debug|Any CPU
		{D40EF1CA-BBC6-419A-A87E-82DE037FF89A}.Release|Any CPU.ActiveCfg = Release|Any CPU
		{D40EF1CA-BBC6-419A-A87E-82DE037FF89A}.Release|Any CPU.Build.0 = Release|Any CPU
		{8E26F83E-5A9E-4635-8878-AC337EFD9E2F}.Debug|Any CPU.ActiveCfg = Debug|Any CPU
		{8E26F83E-5A9E-4635-8878-AC337EFD9E2F}.Debug|Any CPU.Build.0 = Debug|Any CPU
		{8E26F83E-5A9E-4635-8878-AC337EFD9E2F}.Release|Any CPU.ActiveCfg = Release|Any CPU
		{8E26F83E-5A9E-4635-8878-AC337EFD9E2F}.Release|Any CPU.Build.0 = Release|Any CPU
		{22B50FA4-17AB-4DDF-A1E9-D9B49B4EC4CE}.Debug|Any CPU.ActiveCfg = Debug|Any CPU
		{22B50FA4-17AB-4DDF-A1E9-D9B49B4EC4CE}.Debug|Any CPU.Build.0 = Debug|Any CPU
		{22B50FA4-17AB-4DDF-A1E9-D9B49B4EC4CE}.Release|Any CPU.ActiveCfg = Release|Any CPU
		{22B50FA4-17AB-4DDF-A1E9-D9B49B4EC4CE}.Release|Any CPU.Build.0 = Release|Any CPU
	EndGlobalSection
	GlobalSection(SolutionProperties) = preSolution
		HideSolutionNode = FALSE
	EndGlobalSection
	GlobalSection(NestedProjects) = preSolution
		{8E26F83E-5A9E-4635-8878-AC337EFD9E2F} = {99C26B60-CF43-4E7B-8A47-74040D3422D7}
		{22B50FA4-17AB-4DDF-A1E9-D9B49B4EC4CE} = {99C26B60-CF43-4E7B-8A47-74040D3422D7}
	EndGlobalSection
	GlobalSection(ExtensibilityGlobals) = postSolution
		SolutionGuid = {75E2E8F9-0564-4489-80DF-F96123031163}
	EndGlobalSection
EndGlobal
