
Microsoft Visual Studio Solution File, Format Version 12.00
# Visual Studio 15
VisualStudioVersion = 15.0.27130.2027
MinimumVisualStudioVersion = 10.0.40219.1
Project("{FAE04EC0-301F-11D3-BF4B-00C04F79EFBC}") = "Trello.Web", "Trello.Web\Trello.Web.csproj", "{5334BC4C-9F4B-430F-95C8-33D96F376029}"
EndProject
Project("{FAE04EC0-301F-11D3-BF4B-00C04F79EFBC}") = "Trello.Web.Tests", "Trello.Web.Tests\Trello.Web.Tests.csproj", "{77AD9D4A-1618-4D65-8E3C-31EF3059C15F}"
EndProject
Global
	GlobalSection(SolutionConfigurationPlatforms) = preSolution
		Debug|Any CPU = Debug|Any CPU
		Release|Any CPU = Release|Any CPU
	EndGlobalSection
	GlobalSection(ProjectConfigurationPlatforms) = postSolution
		{5334BC4C-9F4B-430F-95C8-33D96F376029}.Debug|Any CPU.ActiveCfg = Debug|Any CPU
		{5334BC4C-9F4B-430F-95C8-33D96F376029}.Debug|Any CPU.Build.0 = Debug|Any CPU
		{5334BC4C-9F4B-430F-95C8-33D96F376029}.Release|Any CPU.ActiveCfg = Release|Any CPU
		{5334BC4C-9F4B-430F-95C8-33D96F376029}.Release|Any CPU.Build.0 = Release|Any CPU
		{77AD9D4A-1618-4D65-8E3C-31EF3059C15F}.Debug|Any CPU.ActiveCfg = Debug|Any CPU
		{77AD9D4A-1618-4D65-8E3C-31EF3059C15F}.Debug|Any CPU.Build.0 = Debug|Any CPU
		{77AD9D4A-1618-4D65-8E3C-31EF3059C15F}.Release|Any CPU.ActiveCfg = Release|Any CPU
		{77AD9D4A-1618-4D65-8E3C-31EF3059C15F}.Release|Any CPU.Build.0 = Release|Any CPU
	EndGlobalSection
	GlobalSection(SolutionProperties) = preSolution
		HideSolutionNode = FALSE
	EndGlobalSection
	GlobalSection(ExtensibilityGlobals) = postSolution
		SolutionGuid = {42279E9A-E728-4189-B162-2C8D68D7BD41}
	EndGlobalSection
EndGlobal
