
Microsoft Visual Studio Solution File, Format Version 12.00
# Visual Studio 15
VisualStudioVersion = 15.0.26228.12
MinimumVisualStudioVersion = 10.0.40219.1
Project("{FAE04EC0-301F-11D3-BF4B-00C04F79EFBC}") = "Arrays", "Arrays\Arrays.csproj", "{025D758C-2DB2-4F5B-93A0-8571FFDF2CE4}"
EndProject
Project("{FAE04EC0-301F-11D3-BF4B-00C04F79EFBC}") = "Lecture", "Lecture\Lecture.csproj", "{5FF78C62-1F81-496A-ADB6-FF36590836D6}"
EndProject
Project("{FAE04EC0-301F-11D3-BF4B-00C04F79EFBC}") = "Lecture.Tests", "Lecture.Tests\Lecture.Tests.csproj", "{4CEBAA67-3800-45A0-B622-9D7ABC68981A}"
EndProject
Global
	GlobalSection(SolutionConfigurationPlatforms) = preSolution
		Debug|Any CPU = Debug|Any CPU
		Release|Any CPU = Release|Any CPU
	EndGlobalSection
	GlobalSection(ProjectConfigurationPlatforms) = postSolution
		{025D758C-2DB2-4F5B-93A0-8571FFDF2CE4}.Debug|Any CPU.ActiveCfg = Debug|Any CPU
		{025D758C-2DB2-4F5B-93A0-8571FFDF2CE4}.Debug|Any CPU.Build.0 = Debug|Any CPU
		{025D758C-2DB2-4F5B-93A0-8571FFDF2CE4}.Release|Any CPU.ActiveCfg = Release|Any CPU
		{025D758C-2DB2-4F5B-93A0-8571FFDF2CE4}.Release|Any CPU.Build.0 = Release|Any CPU
		{5FF78C62-1F81-496A-ADB6-FF36590836D6}.Debug|Any CPU.ActiveCfg = Debug|Any CPU
		{5FF78C62-1F81-496A-ADB6-FF36590836D6}.Debug|Any CPU.Build.0 = Debug|Any CPU
		{5FF78C62-1F81-496A-ADB6-FF36590836D6}.Release|Any CPU.ActiveCfg = Release|Any CPU
		{5FF78C62-1F81-496A-ADB6-FF36590836D6}.Release|Any CPU.Build.0 = Release|Any CPU
		{4CEBAA67-3800-45A0-B622-9D7ABC68981A}.Debug|Any CPU.ActiveCfg = Debug|Any CPU
		{4CEBAA67-3800-45A0-B622-9D7ABC68981A}.Debug|Any CPU.Build.0 = Debug|Any CPU
		{4CEBAA67-3800-45A0-B622-9D7ABC68981A}.Release|Any CPU.ActiveCfg = Release|Any CPU
		{4CEBAA67-3800-45A0-B622-9D7ABC68981A}.Release|Any CPU.Build.0 = Release|Any CPU
	EndGlobalSection
	GlobalSection(SolutionProperties) = preSolution
		HideSolutionNode = FALSE
	EndGlobalSection
EndGlobal
