
Microsoft Visual Studio Solution File, Format Version 12.00
# Visual Studio 15
VisualStudioVersion = 15.0.26228.12
MinimumVisualStudioVersion = 10.0.40219.1
Project("{FAE04EC0-301F-11D3-BF4B-00C04F79EFBC}") = "Inheritance", "Inheritance\Inheritance.csproj", "{BB3F050E-47E4-4ED0-A7F0-153E7AEC19D7}"
EndProject
Project("{FAE04EC0-301F-11D3-BF4B-00C04F79EFBC}") = "Inheritance.Tests", "Inheritance.Tests\Inheritance.Tests.csproj", "{EDF929D4-73CA-4C1C-BE06-67CBB673116B}"
EndProject
Global
	GlobalSection(SolutionConfigurationPlatforms) = preSolution
		Debug|Any CPU = Debug|Any CPU
		Release|Any CPU = Release|Any CPU
	EndGlobalSection
	GlobalSection(ProjectConfigurationPlatforms) = postSolution
		{BB3F050E-47E4-4ED0-A7F0-153E7AEC19D7}.Debug|Any CPU.ActiveCfg = Debug|Any CPU
		{BB3F050E-47E4-4ED0-A7F0-153E7AEC19D7}.Debug|Any CPU.Build.0 = Debug|Any CPU
		{BB3F050E-47E4-4ED0-A7F0-153E7AEC19D7}.Release|Any CPU.ActiveCfg = Release|Any CPU
		{BB3F050E-47E4-4ED0-A7F0-153E7AEC19D7}.Release|Any CPU.Build.0 = Release|Any CPU
		{EDF929D4-73CA-4C1C-BE06-67CBB673116B}.Debug|Any CPU.ActiveCfg = Debug|Any CPU
		{EDF929D4-73CA-4C1C-BE06-67CBB673116B}.Debug|Any CPU.Build.0 = Debug|Any CPU
		{EDF929D4-73CA-4C1C-BE06-67CBB673116B}.Release|Any CPU.ActiveCfg = Release|Any CPU
		{EDF929D4-73CA-4C1C-BE06-67CBB673116B}.Release|Any CPU.Build.0 = Release|Any CPU
	EndGlobalSection
	GlobalSection(SolutionProperties) = preSolution
		HideSolutionNode = FALSE
	EndGlobalSection
EndGlobal
